
Microsoft Visual Studio Solution File, Format Version 12.00
# Visual Studio Version 17
VisualStudioVersion = 17.14.36127.28
MinimumVisualStudioVersion = 10.0.40219.1
Project("{FAE04EC0-301F-11D3-BF4B-00C04F79EFBC}") = "AdminDashboard", "SDAProject\AdminDashboard.csproj", "{7F18444C-4D4E-4A3A-94D8-508DDD238034}"
EndProject
Global
	GlobalSection(SolutionConfigurationPlatforms) = preSolution
		Debug|Any CPU = Debug|Any CPU
		Release|Any CPU = Release|Any CPU
	EndGlobalSection
	GlobalSection(ProjectConfigurationPlatforms) = postSolution
		{7F18444C-4D4E-4A3A-94D8-508DDD238034}.Debug|Any CPU.ActiveCfg = Debug|Any CPU
		{7F18444C-4D4E-4A3A-94D8-508DDD238034}.Debug|Any CPU.Build.0 = Debug|Any CPU
		{7F18444C-4D4E-4A3A-94D8-508DDD238034}.Release|Any CPU.ActiveCfg = Release|Any CPU
		{7F18444C-4D4E-4A3A-94D8-508DDD238034}.Release|Any CPU.Build.0 = Release|Any CPU
	EndGlobalSection
	GlobalSection(SolutionProperties) = preSolution
		HideSolutionNode = FALSE
	EndGlobalSection
	GlobalSection(ExtensibilityGlobals) = postSolution
		SolutionGuid = {C3FAA85E-A0D9-4CBB-AE2F-FD19995E0D06}
	EndGlobalSection
EndGlobal
